
Microsoft Visual Studio Solution File, Format Version 12.00
# Visual Studio Version 16
VisualStudioVersion = 16.0.30523.141
MinimumVisualStudioVersion = 10.0.40219.1
Project("{FAE04EC0-301F-11D3-BF4B-00C04F79EFBC}") = "BankProject", "BankProject\BankProject.csproj", "{128B1E90-AE0E-44F3-B923-20772FE42E33}"
EndProject
Global
	GlobalSection(SolutionConfigurationPlatforms) = preSolution
		Debug|Any CPU = Debug|Any CPU
		Release|Any CPU = Release|Any CPU
	EndGlobalSection
	GlobalSection(ProjectConfigurationPlatforms) = postSolution
		{128B1E90-AE0E-44F3-B923-20772FE42E33}.Debug|Any CPU.ActiveCfg = Debug|Any CPU
		{128B1E90-AE0E-44F3-B923-20772FE42E33}.Debug|Any CPU.Build.0 = Debug|Any CPU
		{128B1E90-AE0E-44F3-B923-20772FE42E33}.Release|Any CPU.ActiveCfg = Release|Any CPU
		{128B1E90-AE0E-44F3-B923-20772FE42E33}.Release|Any CPU.Build.0 = Release|Any CPU
	EndGlobalSection
	GlobalSection(SolutionProperties) = preSolution
		HideSolutionNode = FALSE
	EndGlobalSection
	GlobalSection(ExtensibilityGlobals) = postSolution
		SolutionGuid = {A645A63A-3B10-46BD-9102-031EF65142A4}
	EndGlobalSection
EndGlobal
