
Microsoft Visual Studio Solution File, Format Version 12.00
# Visual Studio Version 16
VisualStudioVersion = 16.0.30517.126
MinimumVisualStudioVersion = 10.0.40219.1
Project("{9A19103F-16F7-4668-BE54-9A1E7A4F7556}") = "1.Arrays - simple", "Project_1\1.Arrays - simple.csproj", "{22E054D0-4298-4ECC-8311-74ECEA453FFA}"
EndProject
Project("{9A19103F-16F7-4668-BE54-9A1E7A4F7556}") = "2.Arrays - exercises", "Project_2\2.Arrays - exercises.csproj", "{0E11B1E6-A675-42A1-881E-513CEC52B842}"
EndProject
Project("{9A19103F-16F7-4668-BE54-9A1E7A4F7556}") = "3.MultiArrays", "MultiArrays\3.MultiArrays.csproj", "{9C60BAEF-5D7E-4290-BF0B-A37BBC995E53}"
EndProject
Project("{FAE04EC0-301F-11D3-BF4B-00C04F79EFBC}") = "4.Practice", "Exercises\4.Practice.csproj", "{941490DF-9B02-4CB7-8AD2-5485FACABF7F}"
EndProject
Global
	GlobalSection(SolutionConfigurationPlatforms) = preSolution
		Debug|Any CPU = Debug|Any CPU
		Release|Any CPU = Release|Any CPU
	EndGlobalSection
	GlobalSection(ProjectConfigurationPlatforms) = postSolution
		{22E054D0-4298-4ECC-8311-74ECEA453FFA}.Debug|Any CPU.ActiveCfg = Debug|Any CPU
		{22E054D0-4298-4ECC-8311-74ECEA453FFA}.Debug|Any CPU.Build.0 = Debug|Any CPU
		{22E054D0-4298-4ECC-8311-74ECEA453FFA}.Release|Any CPU.ActiveCfg = Release|Any CPU
		{22E054D0-4298-4ECC-8311-74ECEA453FFA}.Release|Any CPU.Build.0 = Release|Any CPU
		{0E11B1E6-A675-42A1-881E-513CEC52B842}.Debug|Any CPU.ActiveCfg = Debug|Any CPU
		{0E11B1E6-A675-42A1-881E-513CEC52B842}.Debug|Any CPU.Build.0 = Debug|Any CPU
		{0E11B1E6-A675-42A1-881E-513CEC52B842}.Release|Any CPU.ActiveCfg = Release|Any CPU
		{0E11B1E6-A675-42A1-881E-513CEC52B842}.Release|Any CPU.Build.0 = Release|Any CPU
		{9C60BAEF-5D7E-4290-BF0B-A37BBC995E53}.Debug|Any CPU.ActiveCfg = Debug|Any CPU
		{9C60BAEF-5D7E-4290-BF0B-A37BBC995E53}.Debug|Any CPU.Build.0 = Debug|Any CPU
		{9C60BAEF-5D7E-4290-BF0B-A37BBC995E53}.Release|Any CPU.ActiveCfg = Release|Any CPU
		{9C60BAEF-5D7E-4290-BF0B-A37BBC995E53}.Release|Any CPU.Build.0 = Release|Any CPU
		{941490DF-9B02-4CB7-8AD2-5485FACABF7F}.Debug|Any CPU.ActiveCfg = Debug|Any CPU
		{941490DF-9B02-4CB7-8AD2-5485FACABF7F}.Debug|Any CPU.Build.0 = Debug|Any CPU
		{941490DF-9B02-4CB7-8AD2-5485FACABF7F}.Release|Any CPU.ActiveCfg = Release|Any CPU
		{941490DF-9B02-4CB7-8AD2-5485FACABF7F}.Release|Any CPU.Build.0 = Release|Any CPU
	EndGlobalSection
	GlobalSection(SolutionProperties) = preSolution
		HideSolutionNode = FALSE
	EndGlobalSection
	GlobalSection(ExtensibilityGlobals) = postSolution
		SolutionGuid = {720A47BB-6843-4571-AF12-F4EB2DA4EE6E}
	EndGlobalSection
EndGlobal
